// !$*UTF8*$!
{
	archiveVersion = 1;
	classes = {
	};
	objectVersion = 50;
	objects = {

/* Begin PBXBuildFile section */
		380E7D588072AEC1F4048360 /* Pods_JournalApp.framework in Frameworks */ = {isa = PBXBuildFile; fileRef = 1DC7055DAC807D3C5B29B661 /* Pods_JournalApp.framework */; };
		4F9C59C6222DD1F200B3ADA2 /* AppDelegate.swift in Sources */ = {isa = PBXBuildFile; fileRef = 4F9C59C5222DD1F200B3ADA2 /* AppDelegate.swift */; };
		4F9C59CB222DD1F200B3ADA2 /* Main.storyboard in Resources */ = {isa = PBXBuildFile; fileRef = 4F9C59C9222DD1F200B3ADA2 /* Main.storyboard */; };
		4F9C59CE222DD1F200B3ADA2 /* JournalApp.xcdatamodeld in Sources */ = {isa = PBXBuildFile; fileRef = 4F9C59CC222DD1F200B3ADA2 /* JournalApp.xcdatamodeld */; };
		4F9C59D0222DD1F400B3ADA2 /* Assets.xcassets in Resources */ = {isa = PBXBuildFile; fileRef = 4F9C59CF222DD1F400B3ADA2 /* Assets.xcassets */; };
		4F9C59D3222DD1F400B3ADA2 /* LaunchScreen.storyboard in Resources */ = {isa = PBXBuildFile; fileRef = 4F9C59D1222DD1F400B3ADA2 /* LaunchScreen.storyboard */; };
		4F9C59DB222DD8CD00B3ADA2 /* JournalEntryTableViewController.swift in Sources */ = {isa = PBXBuildFile; fileRef = 4F9C59DA222DD8CD00B3ADA2 /* JournalEntryTableViewController.swift */; };
		4F9C59DD222DDE4E00B3ADA2 /* JournalEntryManager.swift in Sources */ = {isa = PBXBuildFile; fileRef = 4F9C59DC222DDE4E00B3ADA2 /* JournalEntryManager.swift */; };
		4F9C59DF222DEEBE00B3ADA2 /* NewEntryViewController.swift in Sources */ = {isa = PBXBuildFile; fileRef = 4F9C59DE222DEEBE00B3ADA2 /* NewEntryViewController.swift */; };
		4F9C59E2222E164A00B3ADA2 /* JournalEntryTableViewCell.swift in Sources */ = {isa = PBXBuildFile; fileRef = 4F9C59E1222E164A00B3ADA2 /* JournalEntryTableViewCell.swift */; };
		4F9C59E4222E182600B3ADA2 /* DateManager.swift in Sources */ = {isa = PBXBuildFile; fileRef = 4F9C59E3222E182600B3ADA2 /* DateManager.swift */; };
		4F9C59E8222EEBF000B3ADA2 /* LocationManager.swift in Sources */ = {isa = PBXBuildFile; fileRef = 4F9C59E7222EEBF000B3ADA2 /* LocationManager.swift */; };
/* End PBXBuildFile section */

/* Begin PBXFileReference section */
		1DC7055DAC807D3C5B29B661 /* Pods_JournalApp.framework */ = {isa = PBXFileReference; explicitFileType = wrapper.framework; includeInIndex = 0; path = Pods_JournalApp.framework; sourceTree = BUILT_PRODUCTS_DIR; };
		31D20E4ABE68E134236D2E3D /* Pods-JournalApp.release.xcconfig */ = {isa = PBXFileReference; includeInIndex = 1; lastKnownFileType = text.xcconfig; name = "Pods-JournalApp.release.xcconfig"; path = "Target Support Files/Pods-JournalApp/Pods-JournalApp.release.xcconfig"; sourceTree = "<group>"; };
		4F9C59C2222DD1F200B3ADA2 /* JournalApp.app */ = {isa = PBXFileReference; explicitFileType = wrapper.application; includeInIndex = 0; path = JournalApp.app; sourceTree = BUILT_PRODUCTS_DIR; };
		4F9C59C5222DD1F200B3ADA2 /* AppDelegate.swift */ = {isa = PBXFileReference; lastKnownFileType = sourcecode.swift; path = AppDelegate.swift; sourceTree = "<group>"; };
		4F9C59CA222DD1F200B3ADA2 /* Base */ = {isa = PBXFileReference; lastKnownFileType = file.storyboard; name = Base; path = Base.lproj/Main.storyboard; sourceTree = "<group>"; };
		4F9C59CD222DD1F200B3ADA2 /* JournalApp.xcdatamodel */ = {isa = PBXFileReference; lastKnownFileType = wrapper.xcdatamodel; path = JournalApp.xcdatamodel; sourceTree = "<group>"; };
		4F9C59CF222DD1F400B3ADA2 /* Assets.xcassets */ = {isa = PBXFileReference; lastKnownFileType = folder.assetcatalog; path = Assets.xcassets; sourceTree = "<group>"; };
		4F9C59D2222DD1F400B3ADA2 /* Base */ = {isa = PBXFileReference; lastKnownFileType = file.storyboard; name = Base; path = Base.lproj/LaunchScreen.storyboard; sourceTree = "<group>"; };
		4F9C59D4222DD1F400B3ADA2 /* Info.plist */ = {isa = PBXFileReference; lastKnownFileType = text.plist.xml; path = Info.plist; sourceTree = "<group>"; };
		4F9C59DA222DD8CD00B3ADA2 /* JournalEntryTableViewController.swift */ = {isa = PBXFileReference; lastKnownFileType = sourcecode.swift; path = JournalEntryTableViewController.swift; sourceTree = "<group>"; };
		4F9C59DC222DDE4E00B3ADA2 /* JournalEntryManager.swift */ = {isa = PBXFileReference; lastKnownFileType = sourcecode.swift; path = JournalEntryManager.swift; sourceTree = "<group>"; };
		4F9C59DE222DEEBE00B3ADA2 /* NewEntryViewController.swift */ = {isa = PBXFileReference; lastKnownFileType = sourcecode.swift; path = NewEntryViewController.swift; sourceTree = "<group>"; };
		4F9C59E1222E164A00B3ADA2 /* JournalEntryTableViewCell.swift */ = {isa = PBXFileReference; lastKnownFileType = sourcecode.swift; path = JournalEntryTableViewCell.swift; sourceTree = "<group>"; };
		4F9C59E3222E182600B3ADA2 /* DateManager.swift */ = {isa = PBXFileReference; lastKnownFileType = sourcecode.swift; path = DateManager.swift; sourceTree = "<group>"; };
		4F9C59E7222EEBF000B3ADA2 /* LocationManager.swift */ = {isa = PBXFileReference; lastKnownFileType = sourcecode.swift; path = LocationManager.swift; sourceTree = "<group>"; };
		CFA2359D842C9847BBE1B49B /* Pods-JournalApp.debug.xcconfig */ = {isa = PBXFileReference; includeInIndex = 1; lastKnownFileType = text.xcconfig; name = "Pods-JournalApp.debug.xcconfig"; path = "Target Support Files/Pods-JournalApp/Pods-JournalApp.debug.xcconfig"; sourceTree = "<group>"; };
/* End PBXFileReference section */

/* Begin PBXFrameworksBuildPhase section */
		4F9C59BF222DD1F200B3ADA2 /* Frameworks */ = {
			isa = PBXFrameworksBuildPhase;
			buildActionMask = 2147483647;
			files = (
				380E7D588072AEC1F4048360 /* Pods_JournalApp.framework in Frameworks */,
			);
			runOnlyForDeploymentPostprocessing = 0;
		};
/* End PBXFrameworksBuildPhase section */

/* Begin PBXGroup section */
		19BB46C60E1B76EBD3B0CE66 /* Pods */ = {
			isa = PBXGroup;
			children = (
				CFA2359D842C9847BBE1B49B /* Pods-JournalApp.debug.xcconfig */,
				31D20E4ABE68E134236D2E3D /* Pods-JournalApp.release.xcconfig */,
			);
			path = Pods;
			sourceTree = "<group>";
		};
		4F9C59B9222DD1F200B3ADA2 = {
			isa = PBXGroup;
			children = (
				4F9C59C4222DD1F200B3ADA2 /* JournalApp */,
				4F9C59C3222DD1F200B3ADA2 /* Products */,
				19BB46C60E1B76EBD3B0CE66 /* Pods */,
				5880175F092FD47A5EC1734E /* Frameworks */,
			);
			sourceTree = "<group>";
		};
		4F9C59C3222DD1F200B3ADA2 /* Products */ = {
			isa = PBXGroup;
			children = (
				4F9C59C2222DD1F200B3ADA2 /* JournalApp.app */,
			);
			name = Products;
			sourceTree = "<group>";
		};
		4F9C59C4222DD1F200B3ADA2 /* JournalApp */ = {
			isa = PBXGroup;
			children = (
				4F9C59C5222DD1F200B3ADA2 /* AppDelegate.swift */,
				4F9C59DC222DDE4E00B3ADA2 /* JournalEntryManager.swift */,
				4F9C59E3222E182600B3ADA2 /* DateManager.swift */,
				4F9C59E7222EEBF000B3ADA2 /* LocationManager.swift */,
				4F9C59E0222DEEC100B3ADA2 /* ViewControllers */,
				4F9C59C9222DD1F200B3ADA2 /* Main.storyboard */,
				4F9C59CF222DD1F400B3ADA2 /* Assets.xcassets */,
				4F9C59D1222DD1F400B3ADA2 /* LaunchScreen.storyboard */,
				4F9C59D4222DD1F400B3ADA2 /* Info.plist */,
				4F9C59CC222DD1F200B3ADA2 /* JournalApp.xcdatamodeld */,
			);
			path = JournalApp;
			sourceTree = "<group>";
		};
		4F9C59E0222DEEC100B3ADA2 /* ViewControllers */ = {
			isa = PBXGroup;
			children = (
				4F9C59DE222DEEBE00B3ADA2 /* NewEntryViewController.swift */,
				4F9C59DA222DD8CD00B3ADA2 /* JournalEntryTableViewController.swift */,
				4F9C59E1222E164A00B3ADA2 /* JournalEntryTableViewCell.swift */,
			);
			path = ViewControllers;
			sourceTree = "<group>";
		};
		5880175F092FD47A5EC1734E /* Frameworks */ = {
			isa = PBXGroup;
			children = (
				1DC7055DAC807D3C5B29B661 /* Pods_JournalApp.framework */,
			);
			name = Frameworks;
			sourceTree = "<group>";
		};
/* End PBXGroup section */

/* Begin PBXNativeTarget section */
		4F9C59C1222DD1F200B3ADA2 /* JournalApp */ = {
			isa = PBXNativeTarget;
			buildConfigurationList = 4F9C59D7222DD1F400B3ADA2 /* Build configuration list for PBXNativeTarget "JournalApp" */;
			buildPhases = (
				AC3C39CDE8681324B819F190 /* [CP] Check Pods Manifest.lock */,
				4F9C59BE222DD1F200B3ADA2 /* Sources */,
				4F9C59BF222DD1F200B3ADA2 /* Frameworks */,
				4F9C59C0222DD1F200B3ADA2 /* Resources */,
				7F5DEF7519331BD1D112D46B /* [CP] Embed Pods Frameworks */,
			);
			buildRules = (
			);
			dependencies = (
			);
			name = JournalApp;
			productName = JournalApp;
			productReference = 4F9C59C2222DD1F200B3ADA2 /* JournalApp.app */;
			productType = "com.apple.product-type.application";
		};
/* End PBXNativeTarget section */

/* Begin PBXProject section */
		4F9C59BA222DD1F200B3ADA2 /* Project object */ = {
			isa = PBXProject;
			attributes = {
				LastSwiftUpdateCheck = 0940;
				LastUpgradeCheck = 0940;
				ORGANIZATIONNAME = "Akshay Verma";
				TargetAttributes = {
					4F9C59C1222DD1F200B3ADA2 = {
						CreatedOnToolsVersion = 9.4.1;
					};
				};
			};
			buildConfigurationList = 4F9C59BD222DD1F200B3ADA2 /* Build configuration list for PBXProject "JournalApp" */;
			compatibilityVersion = "Xcode 9.3";
			developmentRegion = en;
			hasScannedForEncodings = 0;
			knownRegions = (
				en,
				Base,
			);
			mainGroup = 4F9C59B9222DD1F200B3ADA2;
			productRefGroup = 4F9C59C3222DD1F200B3ADA2 /* Products */;
			projectDirPath = "";
			projectRoot = "";
			targets = (
				4F9C59C1222DD1F200B3ADA2 /* JournalApp */,
			);
		};
/* End PBXProject section */

/* Begin PBXResourcesBuildPhase section */
		4F9C59C0222DD1F200B3ADA2 /* Resources */ = {
			isa = PBXResourcesBuildPhase;
			buildActionMask = 2147483647;
			files = (
				4F9C59D3222DD1F400B3ADA2 /* LaunchScreen.storyboard in Resources */,
				4F9C59D0222DD1F400B3ADA2 /* Assets.xcassets in Resources */,
				4F9C59CB222DD1F200B3ADA2 /* Main.storyboard in Resources */,
			);
			runOnlyForDeploymentPostprocessing = 0;
		};
/* End PBXResourcesBuildPhase section */

/* Begin PBXShellScriptBuildPhase section */
		7F5DEF7519331BD1D112D46B /* [CP] Embed Pods Frameworks */ = {
			isa = PBXShellScriptBuildPhase;
			buildActionMask = 2147483647;
			files = (
			);
			inputPaths = (
				"${PODS_ROOT}/Target Support Files/Pods-JournalApp/Pods-JournalApp-frameworks.sh",
				"${BUILT_PRODUCTS_DIR}/IQKeyboardManagerSwift/IQKeyboardManagerSwift.framework",
				"${BUILT_PRODUCTS_DIR}/UITextView+Placeholder/UITextView_Placeholder.framework",
			);
			name = "[CP] Embed Pods Frameworks";
			outputPaths = (
				"${TARGET_BUILD_DIR}/${FRAMEWORKS_FOLDER_PATH}/IQKeyboardManagerSwift.framework",
				"${TARGET_BUILD_DIR}/${FRAMEWORKS_FOLDER_PATH}/UITextView_Placeholder.framework",
			);
			runOnlyForDeploymentPostprocessing = 0;
			shellPath = /bin/sh;
			shellScript = "\"${PODS_ROOT}/Target Support Files/Pods-JournalApp/Pods-JournalApp-frameworks.sh\"\n";
			showEnvVarsInLog = 0;
		};
		AC3C39CDE8681324B819F190 /* [CP] Check Pods Manifest.lock */ = {
			isa = PBXShellScriptBuildPhase;
			buildActionMask = 2147483647;
			files = (
			);
			inputPaths = (
				"${PODS_PODFILE_DIR_PATH}/Podfile.lock",
				"${PODS_ROOT}/Manifest.lock",
			);
			name = "[CP] Check Pods Manifest.lock";
			outputPaths = (
				"$(DERIVED_FILE_DIR)/Pods-JournalApp-checkManifestLockResult.txt",
			);
			runOnlyForDeploymentPostprocessing = 0;
			shellPath = /bin/sh;
			shellScript = "diff \"${PODS_PODFILE_DIR_PATH}/Podfile.lock\" \"${PODS_ROOT}/Manifest.lock\" > /dev/null\nif [ $? != 0 ] ; then\n    # print error to STDERR\n    echo \"error: The sandbox is not in sync with the Podfile.lock. Run 'pod install' or update your CocoaPods installation.\" >&2\n    exit 1\nfi\n# This output is used by Xcode 'outputs' to avoid re-running this script phase.\necho \"SUCCESS\" > \"${SCRIPT_OUTPUT_FILE_0}\"\n";
			showEnvVarsInLog = 0;
		};
/* End PBXShellScriptBuildPhase section */

/* Begin PBXSourcesBuildPhase section */
		4F9C59BE222DD1F200B3ADA2 /* Sources */ = {
			isa = PBXSourcesBuildPhase;
			buildActionMask = 2147483647;
			files = (
				4F9C59E4222E182600B3ADA2 /* DateManager.swift in Sources */,
				4F9C59DF222DEEBE00B3ADA2 /* NewEntryViewController.swift in Sources */,
				4F9C59DD222DDE4E00B3ADA2 /* JournalEntryManager.swift in Sources */,
				4F9C59DB222DD8CD00B3ADA2 /* JournalEntryTableViewController.swift in Sources */,
				4F9C59E8222EEBF000B3ADA2 /* LocationManager.swift in Sources */,
				4F9C59C6222DD1F200B3ADA2 /* AppDelegate.swift in Sources */,
				4F9C59E2222E164A00B3ADA2 /* JournalEntryTableViewCell.swift in Sources */,
				4F9C59CE222DD1F200B3ADA2 /* JournalApp.xcdatamodeld in Sources */,
			);
			runOnlyForDeploymentPostprocessing = 0;
		};
/* End PBXSourcesBuildPhase section */

/* Begin PBXVariantGroup section */
		4F9C59C9222DD1F200B3ADA2 /* Main.storyboard */ = {
			isa = PBXVariantGroup;
			children = (
				4F9C59CA222DD1F200B3ADA2 /* Base */,
			);
			name = Main.storyboard;
			sourceTree = "<group>";
		};
		4F9C59D1222DD1F400B3ADA2 /* LaunchScreen.storyboard */ = {
			isa = PBXVariantGroup;
			children = (
				4F9C59D2222DD1F400B3ADA2 /* Base */,
			);
			name = LaunchScreen.storyboard;
			sourceTree = "<group>";
		};
/* End PBXVariantGroup section */

/* Begin XCBuildConfiguration section */
		4F9C59D5222DD1F400B3ADA2 /* Debug */ = {
			isa = XCBuildConfiguration;
			buildSettings = {
				ALWAYS_SEARCH_USER_PATHS = NO;
				CLANG_ANALYZER_NONNULL = YES;
				CLANG_ANALYZER_NUMBER_OBJECT_CONVERSION = YES_AGGRESSIVE;
				CLANG_CXX_LANGUAGE_STANDARD = "gnu++14";
				CLANG_CXX_LIBRARY = "libc++";
				CLANG_ENABLE_MODULES = YES;
				CLANG_ENABLE_OBJC_ARC = YES;
				CLANG_ENABLE_OBJC_WEAK = YES;
				CLANG_WARN_BLOCK_CAPTURE_AUTORELEASING = YES;
				CLANG_WARN_BOOL_CONVERSION = YES;
				CLANG_WARN_COMMA = YES;
				CLANG_WARN_CONSTANT_CONVERSION = YES;
				CLANG_WARN_DEPRECATED_OBJC_IMPLEMENTATIONS = YES;
				CLANG_WARN_DIRECT_OBJC_ISA_USAGE = YES_ERROR;
				CLANG_WARN_DOCUMENTATION_COMMENTS = YES;
				CLANG_WARN_EMPTY_BODY = YES;
				CLANG_WARN_ENUM_CONVERSION = YES;
				CLANG_WARN_INFINITE_RECURSION = YES;
				CLANG_WARN_INT_CONVERSION = YES;
				CLANG_WARN_NON_LITERAL_NULL_CONVERSION = YES;
				CLANG_WARN_OBJC_IMPLICIT_RETAIN_SELF = YES;
				CLANG_WARN_OBJC_LITERAL_CONVERSION = YES;
				CLANG_WARN_OBJC_ROOT_CLASS = YES_ERROR;
				CLANG_WARN_RANGE_LOOP_ANALYSIS = YES;
				CLANG_WARN_STRICT_PROTOTYPES = YES;
				CLANG_WARN_SUSPICIOUS_MOVE = YES;
				CLANG_WARN_UNGUARDED_AVAILABILITY = YES_AGGRESSIVE;
				CLANG_WARN_UNREACHABLE_CODE = YES;
				CLANG_WARN__DUPLICATE_METHOD_MATCH = YES;
				CODE_SIGN_IDENTITY = "iPhone Developer";
				COPY_PHASE_STRIP = NO;
				DEBUG_INFORMATION_FORMAT = dwarf;
				ENABLE_STRICT_OBJC_MSGSEND = YES;
				ENABLE_TESTABILITY = YES;
				GCC_C_LANGUAGE_STANDARD = gnu11;
				GCC_DYNAMIC_NO_PIC = NO;
				GCC_NO_COMMON_BLOCKS = YES;
				GCC_OPTIMIZATION_LEVEL = 0;
				GCC_PREPROCESSOR_DEFINITIONS = (
					"DEBUG=1",
					"$(inherited)",
				);
				GCC_WARN_64_TO_32_BIT_CONVERSION = YES;
				GCC_WARN_ABOUT_RETURN_TYPE = YES_ERROR;
				GCC_WARN_UNDECLARED_SELECTOR = YES;
				GCC_WARN_UNINITIALIZED_AUTOS = YES_AGGRESSIVE;
				GCC_WARN_UNUSED_FUNCTION = YES;
				GCC_WARN_UNUSED_VARIABLE = YES;
				IPHONEOS_DEPLOYMENT_TARGET = 11.4;
				MTL_ENABLE_DEBUG_INFO = YES;
				ONLY_ACTIVE_ARCH = YES;
				SDKROOT = iphoneos;
				SWIFT_ACTIVE_COMPILATION_CONDITIONS = DEBUG;
				SWIFT_OPTIMIZATION_LEVEL = "-Onone";
			};
			name = Debug;
		};
		4F9C59D6222DD1F400B3ADA2 /* Release */ = {
			isa = XCBuildConfiguration;
			buildSettings = {
				ALWAYS_SEARCH_USER_PATHS = NO;
				CLANG_ANALYZER_NONNULL = YES;
				CLANG_ANALYZER_NUMBER_OBJECT_CONVERSION = YES_AGGRESSIVE;
				CLANG_CXX_LANGUAGE_STANDARD = "gnu++14";
				CLANG_CXX_LIBRARY = "libc++";
				CLANG_ENABLE_MODULES = YES;
				CLANG_ENABLE_OBJC_ARC = YES;
				CLANG_ENABLE_OBJC_WEAK = YES;
				CLANG_WARN_BLOCK_CAPTURE_AUTORELEASING = YES;
				CLANG_WARN_BOOL_CONVERSION = YES;
				CLANG_WARN_COMMA = YES;
				CLANG_WARN_CONSTANT_CONVERSION = YES;
				CLANG_WARN_DEPRECATED_OBJC_IMPLEMENTATIONS = YES;
				CLANG_WARN_DIRECT_OBJC_ISA_USAGE = YES_ERROR;
				CLANG_WARN_DOCUMENTATION_COMMENTS = YES;
				CLANG_WARN_EMPTY_BODY = YES;
				CLANG_WARN_ENUM_CONVERSION = YES;
				CLANG_WARN_INFINITE_RECURSION = YES;
				CLANG_WARN_INT_CONVERSION = YES;
				CLANG_WARN_NON_LITERAL_NULL_CONVERSION = YES;
				CLANG_WARN_OBJC_IMPLICIT_RETAIN_SELF = YES;
				CLANG_WARN_OBJC_LITERAL_CONVERSION = YES;
				CLANG_WARN_OBJC_ROOT_CLASS = YES_ERROR;
				CLANG_WARN_RANGE_LOOP_ANALYSIS = YES;
				CLANG_WARN_STRICT_PROTOTYPES = YES;
				CLANG_WARN_SUSPICIOUS_MOVE = YES;
				CLANG_WARN_UNGUARDED_AVAILABILITY = YES_AGGRESSIVE;
				CLANG_WARN_UNREACHABLE_CODE = YES;
				CLANG_WARN__DUPLICATE_METHOD_MATCH = YES;
				CODE_SIGN_IDENTITY = "iPhone Developer";
				COPY_PHASE_STRIP = NO;
				DEBUG_INFORMATION_FORMAT = "dwarf-with-dsym";
				ENABLE_NS_ASSERTIONS = NO;
				ENABLE_STRICT_OBJC_MSGSEND = YES;
				GCC_C_LANGUAGE_STANDARD = gnu11;
				GCC_NO_COMMON_BLOCKS = YES;
				GCC_WARN_64_TO_32_BIT_CONVERSION = YES;
				GCC_WARN_ABOUT_RETURN_TYPE = YES_ERROR;
				GCC_WARN_UNDECLARED_SELECTOR = YES;
				GCC_WARN_UNINITIALIZED_AUTOS = YES_AGGRESSIVE;
				GCC_WARN_UNUSED_FUNCTION = YES;
				GCC_WARN_UNUSED_VARIABLE = YES;
				IPHONEOS_DEPLOYMENT_TARGET = 11.4;
				MTL_ENABLE_DEBUG_INFO = NO;
				SDKROOT = iphoneos;
				SWIFT_COMPILATION_MODE = wholemodule;
				SWIFT_OPTIMIZATION_LEVEL = "-O";
				VALIDATE_PRODUCT = YES;
			};
			name = Release;
		};
		4F9C59D8222DD1F400B3ADA2 /* Debug */ = {
			isa = XCBuildConfiguration;
			baseConfigurationReference = CFA2359D842C9847BBE1B49B /* Pods-JournalApp.debug.xcconfig */;
			buildSettings = {
				ASSETCATALOG_COMPILER_APPICON_NAME = AppIcon;
				CODE_SIGN_STYLE = Automatic;
				DEVELOPMENT_TEAM = 8JVHWM5YBG;
				INFOPLIST_FILE = JournalApp/Info.plist;
				LD_RUNPATH_SEARCH_PATHS = (
					"$(inherited)",
					"@executable_path/Frameworks",
				);
				PRODUCT_BUNDLE_IDENTIFIER = com.akshayverma.JournalApp;
				PRODUCT_NAME = "$(TARGET_NAME)";
				SWIFT_VERSION = 4.0;
				TARGETED_DEVICE_FAMILY = "1,2";
			};
			name = Debug;
		};
		4F9C59D9222DD1F400B3ADA2 /* Release */ = {
			isa = XCBuildConfiguration;
			baseConfigurationReference = 31D20E4ABE68E134236D2E3D /* Pods-JournalApp.release.xcconfig */;
			buildSettings = {
				ASSETCATALOG_COMPILER_APPICON_NAME = AppIcon;
				CODE_SIGN_STYLE = Automatic;
				DEVELOPMENT_TEAM = 8JVHWM5YBG;
				INFOPLIST_FILE = JournalApp/Info.plist;
				LD_RUNPATH_SEARCH_PATHS = (
					"$(inherited)",
					"@executable_path/Frameworks",
				);
				PRODUCT_BUNDLE_IDENTIFIER = com.akshayverma.JournalApp;
				PRODUCT_NAME = "$(TARGET_NAME)";
				SWIFT_VERSION = 4.0;
				TARGETED_DEVICE_FAMILY = "1,2";
			};
			name = Release;
		};
/* End XCBuildConfiguration section */

/* Begin XCConfigurationList section */
		4F9C59BD222DD1F200B3ADA2 /* Build configuration list for PBXProject "JournalApp" */ = {
			isa = XCConfigurationList;
			buildConfigurations = (
				4F9C59D5222DD1F400B3ADA2 /* Debug */,
				4F9C59D6222DD1F400B3ADA2 /* Release */,
			);
			defaultConfigurationIsVisible = 0;
			defaultConfigurationName = Release;
		};
		4F9C59D7222DD1F400B3ADA2 /* Build configuration list for PBXNativeTarget "JournalApp" */ = {
			isa = XCConfigurationList;
			buildConfigurations = (
				4F9C59D8222DD1F400B3ADA2 /* Debug */,
				4F9C59D9222DD1F400B3ADA2 /* Release */,
			);
			defaultConfigurationIsVisible = 0;
			defaultConfigurationName = Release;
		};
/* End XCConfigurationList section */

/* Begin XCVersionGroup section */
		4F9C59CC222DD1F200B3ADA2 /* JournalApp.xcdatamodeld */ = {
			isa = XCVersionGroup;
			children = (
				4F9C59CD222DD1F200B3ADA2 /* JournalApp.xcdatamodel */,
			);
			currentVersion = 4F9C59CD222DD1F200B3ADA2 /* JournalApp.xcdatamodel */;
			path = JournalApp.xcdatamodeld;
			sourceTree = "<group>";
			versionGroupType = wrapper.xcdatamodel;
		};
/* End XCVersionGroup section */
	};
	rootObject = 4F9C59BA222DD1F200B3ADA2 /* Project object */;
}
